# This is a Gradle generated file for dependency locking.
# Manual edits can break the build and are not advised.
# This file is expected to be part of source control.
ch.qos.logback:logback-classic:1.2.10=testRuntimeClasspath
ch.qos.logback:logback-classic:1.2.7=compileClasspath,runtimeClasspath,testCompileClasspath
ch.qos.logback:logback-core:1.2.10=testRuntimeClasspath
ch.qos.logback:logback-core:1.2.7=compileClasspath,runtimeClasspath,testCompileClasspath
com.auth0:java-jwt:3.13.0=compileClasspath,runtimeClasspath,testCompileClasspath,testRuntimeClasspath
com.auth0:jwks-rsa:0.17.0=compileClasspath,runtimeClasspath,testCompileClasspath,testRuntimeClasspath
com.fasterxml.jackson.core:jackson-annotations:2.13.0=compileClasspath,runtimeClasspath,testCompileClasspath
com.fasterxml.jackson.core:jackson-annotations:2.13.1=testRuntimeClasspath
com.fasterxml.jackson.core:jackson-core:2.13.0=compileClasspath,runtimeClasspath,testCompileClasspath
com.fasterxml.jackson.core:jackson-core:2.13.1=testRuntimeClasspath
com.fasterxml.jackson.core:jackson-databind:2.13.0=compileClasspath,runtimeClasspath,testCompileClasspath
com.fasterxml.jackson.core:jackson-databind:2.13.1=testRuntimeClasspath
com.fasterxml.jackson.datatype:jackson-datatype-jdk8:2.13.0=compileClasspath,runtimeClasspath,testCompileClasspath
com.fasterxml.jackson.datatype:jackson-datatype-jdk8:2.13.1=testRuntimeClasspath
com.fasterxml.jackson.module:jackson-module-kotlin:2.13.0=compileClasspath,runtimeClasspath,testCompileClasspath
com.fasterxml.jackson.module:jackson-module-kotlin:2.13.1=testRuntimeClasspath
com.fasterxml.jackson:jackson-bom:2.13.0=compileClasspath,runtimeClasspath,testCompileClasspath
com.fasterxml.jackson:jackson-bom:2.13.1=testRuntimeClasspath
com.github.ben-manes.caffeine:caffeine:3.0.5=compileClasspath,runtimeClasspath,testCompileClasspath,testRuntimeClasspath
com.github.stephenc.jcip:jcip-annotations:1.0-1=compileClasspath,runtimeClasspath,testCompileClasspath,testRuntimeClasspath
com.google.code.findbugs:jsr305:3.0.2=runtimeClasspath,testRuntimeClasspath
com.google.code.gson:gson:2.8.9=compileClasspath,runtimeClasspath,testCompileClasspath,testRuntimeClasspath
com.google.errorprone:error_prone_annotations:2.10.0=compileClasspath,runtimeClasspath,testCompileClasspath,testRuntimeClasspath
com.google.guava:failureaccess:1.0.1=runtimeClasspath,testRuntimeClasspath
com.google.guava:guava:30.0-jre=runtimeClasspath,testRuntimeClasspath
com.google.guava:listenablefuture:9999.0-empty-to-avoid-conflict-with-guava=runtimeClasspath,testRuntimeClasspath
com.google.j2objc:j2objc-annotations:1.3=runtimeClasspath,testRuntimeClasspath
com.googlecode.json-simple:json-simple:1.1.1=compileClasspath,runtimeClasspath,testCompileClasspath,testRuntimeClasspath
com.michael-bull.kotlin-result:kotlin-result-jvm:1.1.14=compileClasspath,runtimeClasspath,testCompileClasspath,testRuntimeClasspath
com.michael-bull.kotlin-result:kotlin-result:1.1.14=compileClasspath,runtimeClasspath,testCompileClasspath,testRuntimeClasspath
com.natpryce:konfig:1.6.10.0=compileClasspath,runtimeClasspath,testCompileClasspath,testRuntimeClasspath
com.nimbusds:content-type:2.2=compileClasspath,runtimeClasspath,testCompileClasspath,testRuntimeClasspath
com.nimbusds:lang-tag:1.5=compileClasspath,runtimeClasspath,testCompileClasspath,testRuntimeClasspath
com.nimbusds:nimbus-jose-jwt:9.19=compileClasspath,runtimeClasspath,testCompileClasspath,testRuntimeClasspath
com.nimbusds:oauth2-oidc-sdk:9.27=compileClasspath,runtimeClasspath,testCompileClasspath,testRuntimeClasspath
com.papertrailapp:logback-syslog4j:1.0.0=compileClasspath,runtimeClasspath,testCompileClasspath,testRuntimeClasspath
com.squareup.okhttp3:logging-interceptor:4.9.3=compileClasspath,runtimeClasspath,testCompileClasspath,testRuntimeClasspath
com.squareup.okhttp3:mockwebserver:4.9.3=testCompileClasspath,testRuntimeClasspath
com.squareup.okhttp3:okhttp:4.9.3=compileClasspath,runtimeClasspath,testCompileClasspath,testRuntimeClasspath
com.squareup.okio:okio-jvm:3.0.0=compileClasspath,runtimeClasspath,testCompileClasspath,testRuntimeClasspath
com.squareup.okio:okio:3.0.0=compileClasspath,runtimeClasspath,testCompileClasspath,testRuntimeClasspath
com.typesafe:config:1.4.1=compileClasspath,runtimeClasspath,testCompileClasspath,testRuntimeClasspath
commons-codec:commons-codec:1.10=compileClasspath,testCompileClasspath
commons-codec:commons-codec:1.15=runtimeClasspath,testRuntimeClasspath
commons-logging:commons-logging:1.2=compileClasspath,runtimeClasspath,testCompileClasspath,testRuntimeClasspath
io.dropwizard.metrics:metrics-core:4.2.4=compileClasspath,runtimeClasspath,testCompileClasspath,testRuntimeClasspath
io.dropwizard.metrics:metrics-jvm:4.2.4=compileClasspath,runtimeClasspath,testCompileClasspath,testRuntimeClasspath
io.github.microutils:kotlin-logging-jvm:2.1.21=compileClasspath,runtimeClasspath,testCompileClasspath,testRuntimeClasspath
io.github.microutils:kotlin-logging:2.1.21=testRuntimeClasspath
io.gsonfire:gson-fire:1.8.5=compileClasspath,runtimeClasspath,testCompileClasspath,testRuntimeClasspath
io.ktor:ktor-auth-jwt:1.6.7=compileClasspath,runtimeClasspath,testCompileClasspath,testRuntimeClasspath
io.ktor:ktor-auth-kotlinMultiplatform:1.6.7=compileClasspath,runtimeClasspath,testCompileClasspath,testRuntimeClasspath
io.ktor:ktor-auth:1.6.7=compileClasspath,runtimeClasspath,testCompileClasspath,testRuntimeClasspath
io.ktor:ktor-client-apache:1.6.7=compileClasspath,runtimeClasspath,testCompileClasspath,testRuntimeClasspath
io.ktor:ktor-client-cio-jvm:1.6.7=testCompileClasspath,testRuntimeClasspath
io.ktor:ktor-client-cio:1.6.7=testCompileClasspath,testRuntimeClasspath
io.ktor:ktor-client-core-jvm:1.6.7=compileClasspath,runtimeClasspath,testCompileClasspath,testRuntimeClasspath
io.ktor:ktor-client-core:1.6.7=compileClasspath,runtimeClasspath,testCompileClasspath,testRuntimeClasspath
io.ktor:ktor-client-gson:1.6.7=compileClasspath,runtimeClasspath,testCompileClasspath,testRuntimeClasspath
io.ktor:ktor-client-jackson:1.6.7=compileClasspath,runtimeClasspath,testCompileClasspath,testRuntimeClasspath
io.ktor:ktor-client-java:1.6.7=compileClasspath,runtimeClasspath,testCompileClasspath,testRuntimeClasspath
io.ktor:ktor-client-jetty-kotlinMultiplatform:1.6.7=testCompileClasspath,testRuntimeClasspath
io.ktor:ktor-client-jetty:1.6.7=testCompileClasspath,testRuntimeClasspath
io.ktor:ktor-client-json-jvm:1.6.7=compileClasspath,runtimeClasspath,testCompileClasspath,testRuntimeClasspath
io.ktor:ktor-client-json:1.6.7=compileClasspath,runtimeClasspath,testCompileClasspath,testRuntimeClasspath
io.ktor:ktor-client-mock-jvm:1.6.7=testCompileClasspath,testRuntimeClasspath
io.ktor:ktor-client-mock:1.6.7=testCompileClasspath,testRuntimeClasspath
io.ktor:ktor-gson:1.6.7=compileClasspath,runtimeClasspath,testCompileClasspath,testRuntimeClasspath
io.ktor:ktor-http-cio-jvm:1.6.7=compileClasspath,runtimeClasspath,testCompileClasspath,testRuntimeClasspath
io.ktor:ktor-http-cio:1.6.7=compileClasspath,runtimeClasspath,testCompileClasspath,testRuntimeClasspath
io.ktor:ktor-http-jvm:1.6.7=compileClasspath,runtimeClasspath,testCompileClasspath,testRuntimeClasspath
io.ktor:ktor-http:1.6.7=compileClasspath,runtimeClasspath,testCompileClasspath,testRuntimeClasspath
io.ktor:ktor-io-jvm:1.6.7=compileClasspath,runtimeClasspath,testCompileClasspath,testRuntimeClasspath
io.ktor:ktor-io:1.6.7=compileClasspath,runtimeClasspath,testCompileClasspath,testRuntimeClasspath
io.ktor:ktor-metrics-micrometer:1.6.7=compileClasspath,runtimeClasspath,testCompileClasspath,testRuntimeClasspath
io.ktor:ktor-metrics:1.6.7=compileClasspath,runtimeClasspath,testCompileClasspath,testRuntimeClasspath
io.ktor:ktor-network-jvm:1.6.7=compileClasspath,runtimeClasspath,testCompileClasspath,testRuntimeClasspath
io.ktor:ktor-network-tls-certificates-kotlinMultiplatform:1.6.7=testCompileClasspath,testRuntimeClasspath
io.ktor:ktor-network-tls-certificates:1.6.7=testCompileClasspath,testRuntimeClasspath
io.ktor:ktor-network-tls-jvm:1.6.7=testCompileClasspath,testRuntimeClasspath
io.ktor:ktor-network-tls:1.6.7=testCompileClasspath,testRuntimeClasspath
io.ktor:ktor-network:1.6.7=compileClasspath,runtimeClasspath,testCompileClasspath,testRuntimeClasspath
io.ktor:ktor-serialization:1.6.7=compileClasspath,runtimeClasspath,testCompileClasspath,testRuntimeClasspath
io.ktor:ktor-server-core-kotlinMultiplatform:1.6.7=compileClasspath,runtimeClasspath,testCompileClasspath,testRuntimeClasspath
io.ktor:ktor-server-core:1.6.7=compileClasspath,runtimeClasspath,testCompileClasspath,testRuntimeClasspath
io.ktor:ktor-server-host-common-kotlinMultiplatform:1.6.7=compileClasspath,runtimeClasspath,testCompileClasspath,testRuntimeClasspath
io.ktor:ktor-server-host-common:1.6.7=compileClasspath,runtimeClasspath,testCompileClasspath,testRuntimeClasspath
io.ktor:ktor-server-netty:1.6.7=compileClasspath,runtimeClasspath,testCompileClasspath,testRuntimeClasspath
io.ktor:ktor-server-test-host-kotlinMultiplatform:1.6.7=testCompileClasspath,testRuntimeClasspath
io.ktor:ktor-server-test-host:1.6.7=testCompileClasspath,testRuntimeClasspath
io.ktor:ktor-server-tests:1.6.7=testCompileClasspath,testRuntimeClasspath
io.ktor:ktor-utils-jvm:1.6.7=compileClasspath,runtimeClasspath,testCompileClasspath,testRuntimeClasspath
io.ktor:ktor-utils:1.6.7=compileClasspath,runtimeClasspath,testCompileClasspath,testRuntimeClasspath
io.ktor:ktor-websockets-kotlinMultiplatform:1.6.7=testCompileClasspath,testRuntimeClasspath
io.ktor:ktor-websockets:1.6.7=testCompileClasspath,testRuntimeClasspath
io.micrometer:micrometer-core:1.8.2=compileClasspath,runtimeClasspath,testCompileClasspath,testRuntimeClasspath
io.micrometer:micrometer-registry-prometheus:1.8.2=compileClasspath,runtimeClasspath,testCompileClasspath,testRuntimeClasspath
io.netty:netty-all:4.1.73.Final=testRuntimeClasspath
io.netty:netty-buffer:4.1.69.Final=compileClasspath,runtimeClasspath,testCompileClasspath
io.netty:netty-buffer:4.1.73.Final=testRuntimeClasspath
io.netty:netty-codec-dns:4.1.73.Final=testRuntimeClasspath
io.netty:netty-codec-haproxy:4.1.73.Final=testRuntimeClasspath
io.netty:netty-codec-http2:4.1.69.Final=compileClasspath,runtimeClasspath,testCompileClasspath
io.netty:netty-codec-http2:4.1.73.Final=testRuntimeClasspath
io.netty:netty-codec-http:4.1.69.Final=compileClasspath,runtimeClasspath,testCompileClasspath
io.netty:netty-codec-http:4.1.73.Final=testRuntimeClasspath
io.netty:netty-codec-memcache:4.1.73.Final=testRuntimeClasspath
io.netty:netty-codec-mqtt:4.1.73.Final=testRuntimeClasspath
io.netty:netty-codec-redis:4.1.73.Final=testRuntimeClasspath
io.netty:netty-codec-smtp:4.1.73.Final=testRuntimeClasspath
io.netty:netty-codec-socks:4.1.73.Final=testRuntimeClasspath
io.netty:netty-codec-stomp:4.1.73.Final=testRuntimeClasspath
io.netty:netty-codec-xml:4.1.73.Final=testRuntimeClasspath
io.netty:netty-codec:4.1.69.Final=compileClasspath,runtimeClasspath,testCompileClasspath
io.netty:netty-codec:4.1.73.Final=testRuntimeClasspath
io.netty:netty-common:4.1.69.Final=compileClasspath,runtimeClasspath,testCompileClasspath
io.netty:netty-common:4.1.73.Final=testRuntimeClasspath
io.netty:netty-handler-proxy:4.1.73.Final=testRuntimeClasspath
io.netty:netty-handler:4.1.69.Final=compileClasspath,runtimeClasspath,testCompileClasspath
io.netty:netty-handler:4.1.73.Final=testRuntimeClasspath
io.netty:netty-resolver-dns-classes-macos:4.1.73.Final=testRuntimeClasspath
io.netty:netty-resolver-dns-native-macos:4.1.73.Final=testRuntimeClasspath
io.netty:netty-resolver-dns:4.1.73.Final=testRuntimeClasspath
io.netty:netty-resolver:4.1.69.Final=compileClasspath,runtimeClasspath,testCompileClasspath
io.netty:netty-resolver:4.1.73.Final=testRuntimeClasspath
io.netty:netty-tcnative-classes:2.0.46.Final=testRuntimeClasspath
io.netty:netty-transport-classes-epoll:4.1.73.Final=testRuntimeClasspath
io.netty:netty-transport-classes-kqueue:4.1.73.Final=testRuntimeClasspath
io.netty:netty-transport-native-epoll:4.1.69.Final=compileClasspath,runtimeClasspath,testCompileClasspath
io.netty:netty-transport-native-epoll:4.1.73.Final=testRuntimeClasspath
io.netty:netty-transport-native-kqueue:4.1.69.Final=compileClasspath,runtimeClasspath,testCompileClasspath
io.netty:netty-transport-native-kqueue:4.1.73.Final=testRuntimeClasspath
io.netty:netty-transport-native-unix-common:4.1.69.Final=compileClasspath,runtimeClasspath,testCompileClasspath
io.netty:netty-transport-native-unix-common:4.1.73.Final=testRuntimeClasspath
io.netty:netty-transport-rxtx:4.1.73.Final=testRuntimeClasspath
io.netty:netty-transport-sctp:4.1.73.Final=testRuntimeClasspath
io.netty:netty-transport-udt:4.1.73.Final=testRuntimeClasspath
io.netty:netty-transport:4.1.69.Final=compileClasspath,runtimeClasspath,testCompileClasspath
io.netty:netty-transport:4.1.73.Final=testRuntimeClasspath
io.prometheus:simpleclient:0.12.0=compileClasspath,runtimeClasspath,testCompileClasspath,testRuntimeClasspath
io.prometheus:simpleclient_common:0.12.0=compileClasspath,runtimeClasspath,testCompileClasspath,testRuntimeClasspath
io.prometheus:simpleclient_logback:0.12.0=runtimeClasspath,testRuntimeClasspath
io.prometheus:simpleclient_tracer_common:0.12.0=compileClasspath,runtimeClasspath,testCompileClasspath,testRuntimeClasspath
io.prometheus:simpleclient_tracer_otel:0.12.0=compileClasspath,runtimeClasspath,testCompileClasspath,testRuntimeClasspath
io.prometheus:simpleclient_tracer_otel_agent:0.12.0=compileClasspath,runtimeClasspath,testCompileClasspath,testRuntimeClasspath
io.swagger:swagger-annotations:1.6.5=compileClasspath,runtimeClasspath,testCompileClasspath,testRuntimeClasspath
javax.servlet:javax.servlet-api:3.1.0=compileClasspath,runtimeClasspath,testCompileClasspath,testRuntimeClasspath
javax.validation:validation-api:2.0.1.Final=compileClasspath,runtimeClasspath,testCompileClasspath,testRuntimeClasspath
javax.ws.rs:javax.ws.rs-api:2.1.1=compileClasspath,runtimeClasspath,testCompileClasspath,testRuntimeClasspath
junit:junit:4.10=compileClasspath,runtimeClasspath
junit:junit:4.13.2=testCompileClasspath,testRuntimeClasspath
net.java.dev.jna:jna-platform:5.5.0=testRuntimeClasspath
net.java.dev.jna:jna:5.5.0=testRuntimeClasspath
net.java.dev.jna:jna:5.6.0=kotlinCompilerClasspath
net.logstash.logback:logstash-logback-encoder:7.0.1=compileClasspath,runtimeClasspath,testCompileClasspath,testRuntimeClasspath
net.minidev:accessors-smart:2.4.7=compileClasspath,runtimeClasspath,testCompileClasspath,testRuntimeClasspath
net.minidev:json-smart:2.4.7=compileClasspath,runtimeClasspath,testCompileClasspath,testRuntimeClasspath
no.nav.common:auth:2.2022.01.21_08.02-cd96965058ef=compileClasspath,runtimeClasspath,testCompileClasspath,testRuntimeClasspath
no.nav.common:json:2.2022.01.21_08.02-cd96965058ef=compileClasspath,runtimeClasspath,testCompileClasspath,testRuntimeClasspath
no.nav.common:log:2.2022.01.21_08.02-cd96965058ef=compileClasspath,runtimeClasspath,testCompileClasspath,testRuntimeClasspath
no.nav.common:rest:2.2022.01.21_08.02-cd96965058ef=compileClasspath,runtimeClasspath,testCompileClasspath,testRuntimeClasspath
no.nav.common:sts:2.2022.01.21_08.02-cd96965058ef=compileClasspath,runtimeClasspath,testCompileClasspath,testRuntimeClasspath
no.nav.common:types:2.2022.01.21_08.02-cd96965058ef=compileClasspath,runtimeClasspath,testCompileClasspath,testRuntimeClasspath
no.nav.common:util:2.2022.01.21_08.02-cd96965058ef=compileClasspath,runtimeClasspath,testCompileClasspath,testRuntimeClasspath
no.nav.security:mock-oauth2-server:0.4.3=testCompileClasspath,testRuntimeClasspath
no.nav.security:token-client-core:1.3.19=compileClasspath,runtimeClasspath,testCompileClasspath,testRuntimeClasspath
no.nav.security:token-validation-core:1.3.19=compileClasspath,runtimeClasspath,testCompileClasspath,testRuntimeClasspath
no.nav.security:token-validation-ktor:1.3.19=compileClasspath,runtimeClasspath,testCompileClasspath,testRuntimeClasspath
org.apache.httpcomponents:httpasyncclient:4.1.4=compileClasspath,runtimeClasspath,testCompileClasspath,testRuntimeClasspath
org.apache.httpcomponents:httpclient:4.5.6=compileClasspath,runtimeClasspath,testCompileClasspath,testRuntimeClasspath
org.apache.httpcomponents:httpcore-nio:4.4.10=compileClasspath,testCompileClasspath
org.apache.httpcomponents:httpcore-nio:4.4.14=runtimeClasspath,testRuntimeClasspath
org.apache.httpcomponents:httpcore:4.4.10=compileClasspath,testCompileClasspath
org.apache.httpcomponents:httpcore:4.4.14=runtimeClasspath,testRuntimeClasspath
org.assertj:assertj-core:3.22.0=testCompileClasspath,testRuntimeClasspath
org.bouncycastle:bcpkix-jdk15on:1.70=testRuntimeClasspath
org.bouncycastle:bcprov-jdk15on:1.70=testRuntimeClasspath
org.bouncycastle:bcutil-jdk15on:1.70=testRuntimeClasspath
org.checkerframework:checker-qual:3.19.0=compileClasspath,runtimeClasspath,testCompileClasspath,testRuntimeClasspath
org.codehaus.janino:commons-compiler:3.1.6=runtimeClasspath,testRuntimeClasspath
org.codehaus.janino:janino:3.1.6=runtimeClasspath,testRuntimeClasspath
org.eclipse.jetty.alpn:alpn-api:1.1.3.v20160715=compileClasspath,runtimeClasspath,testCompileClasspath,testRuntimeClasspath
org.eclipse.jetty.http2:http2-client:9.4.42.v20210604=testCompileClasspath,testRuntimeClasspath
org.eclipse.jetty.http2:http2-common:9.4.42.v20210604=testCompileClasspath,testRuntimeClasspath
org.eclipse.jetty.http2:http2-hpack:9.4.42.v20210604=testCompileClasspath,testRuntimeClasspath
org.eclipse.jetty.http2:http2-http-client-transport:9.4.42.v20210604=testCompileClasspath,testRuntimeClasspath
org.eclipse.jetty:jetty-alpn-client:9.4.42.v20210604=testCompileClasspath,testRuntimeClasspath
org.eclipse.jetty:jetty-alpn-java-client:9.4.42.v20210604=testCompileClasspath,testRuntimeClasspath
org.eclipse.jetty:jetty-alpn-openjdk8-client:9.4.42.v20210604=testCompileClasspath,testRuntimeClasspath
org.eclipse.jetty:jetty-client:9.4.42.v20210604=testCompileClasspath,testRuntimeClasspath
org.eclipse.jetty:jetty-http:9.4.42.v20210604=testCompileClasspath,testRuntimeClasspath
org.eclipse.jetty:jetty-io:9.4.42.v20210604=testCompileClasspath,testRuntimeClasspath
org.eclipse.jetty:jetty-util:9.4.42.v20210604=testCompileClasspath,testRuntimeClasspath
org.freemarker:freemarker:2.3.31=testRuntimeClasspath
org.fusesource.jansi:jansi:2.4.0=runtimeClasspath,testRuntimeClasspath
org.hamcrest:hamcrest-core:1.1=compileClasspath,runtimeClasspath
org.hamcrest:hamcrest-core:1.3=testCompileClasspath,testRuntimeClasspath
org.hdrhistogram:HdrHistogram:2.1.12=compileClasspath,runtimeClasspath,testCompileClasspath,testRuntimeClasspath
org.jetbrains.intellij.deps:trove4j:1.0.20181211=kotlinCompilerClasspath
org.jetbrains.kotlin:kotlin-compiler-embeddable:1.6.10=kotlinCompilerClasspath
org.jetbrains.kotlin:kotlin-daemon-embeddable:1.6.10=kotlinCompilerClasspath
org.jetbrains.kotlin:kotlin-gradle-plugin-api:1.6.10=kotlinCompilerPluginClasspathMain,kotlinCompilerPluginClasspathTest
org.jetbrains.kotlin:kotlin-native-utils:1.6.10=kotlinCompilerPluginClasspathMain,kotlinCompilerPluginClasspathTest
org.jetbrains.kotlin:kotlin-project-model:1.6.10=kotlinCompilerPluginClasspathMain,kotlinCompilerPluginClasspathTest
org.jetbrains.kotlin:kotlin-reflect:1.6.10=compileClasspath,kotlinCompilerClasspath,runtimeClasspath,testCompileClasspath,testRuntimeClasspath
org.jetbrains.kotlin:kotlin-script-runtime:1.6.10=kotlinCompilerClasspath,kotlinCompilerPluginClasspathMain,kotlinCompilerPluginClasspathTest
org.jetbrains.kotlin:kotlin-scripting-common:1.6.10=kotlinCompilerPluginClasspathMain,kotlinCompilerPluginClasspathTest
org.jetbrains.kotlin:kotlin-scripting-compiler-embeddable:1.6.10=kotlinCompilerPluginClasspathMain,kotlinCompilerPluginClasspathTest
org.jetbrains.kotlin:kotlin-scripting-compiler-impl-embeddable:1.6.10=kotlinCompilerPluginClasspathMain,kotlinCompilerPluginClasspathTest
org.jetbrains.kotlin:kotlin-scripting-jvm:1.6.10=kotlinCompilerPluginClasspathMain,kotlinCompilerPluginClasspathTest
org.jetbrains.kotlin:kotlin-serialization:1.6.10=kotlinCompilerPluginClasspathMain,kotlinCompilerPluginClasspathTest
org.jetbrains.kotlin:kotlin-stdlib-common:1.6.10=compileClasspath,kotlinCompilerClasspath,kotlinCompilerPluginClasspathMain,kotlinCompilerPluginClasspathTest,runtimeClasspath,testCompileClasspath,testRuntimeClasspath
org.jetbrains.kotlin:kotlin-stdlib-jdk7:1.6.10=compileClasspath,runtimeClasspath,testCompileClasspath,testRuntimeClasspath
org.jetbrains.kotlin:kotlin-stdlib-jdk8:1.6.10=compileClasspath,runtimeClasspath,testCompileClasspath,testRuntimeClasspath
org.jetbrains.kotlin:kotlin-stdlib:1.6.10=compileClasspath,kotlinCompilerClasspath,kotlinCompilerPluginClasspathMain,kotlinCompilerPluginClasspathTest,runtimeClasspath,testCompileClasspath,testRuntimeClasspath
org.jetbrains.kotlin:kotlin-test-junit:1.6.10=testCompileClasspath,testRuntimeClasspath
org.jetbrains.kotlin:kotlin-test:1.6.10=testCompileClasspath,testRuntimeClasspath
org.jetbrains.kotlin:kotlin-util-io:1.6.10=kotlinCompilerPluginClasspathMain,kotlinCompilerPluginClasspathTest
org.jetbrains.kotlinx:kotlinx-coroutines-core-jvm:1.5.2-native-mt=compileClasspath,runtimeClasspath,testCompileClasspath,testRuntimeClasspath
org.jetbrains.kotlinx:kotlinx-coroutines-core:1.5.2-native-mt=compileClasspath,runtimeClasspath,testCompileClasspath,testRuntimeClasspath
org.jetbrains.kotlinx:kotlinx-coroutines-debug:1.5.2-native-mt=testRuntimeClasspath
org.jetbrains.kotlinx:kotlinx-coroutines-jdk8:1.5.2-native-mt=compileClasspath,runtimeClasspath,testCompileClasspath,testRuntimeClasspath
org.jetbrains.kotlinx:kotlinx-serialization-core-jvm:1.3.0=compileClasspath,runtimeClasspath,testCompileClasspath,testRuntimeClasspath
org.jetbrains.kotlinx:kotlinx-serialization-core:1.3.0=compileClasspath,runtimeClasspath,testCompileClasspath,testRuntimeClasspath
org.jetbrains.kotlinx:kotlinx-serialization-json-jvm:1.3.0=compileClasspath,runtimeClasspath,testCompileClasspath,testRuntimeClasspath
org.jetbrains.kotlinx:kotlinx-serialization-json:1.3.0=compileClasspath,runtimeClasspath,testCompileClasspath,testRuntimeClasspath
org.jetbrains:annotations:13.0=compileClasspath,kotlinCompilerClasspath,kotlinCompilerPluginClasspathMain,kotlinCompilerPluginClasspathTest,runtimeClasspath,testCompileClasspath,testRuntimeClasspath
org.latencyutils:LatencyUtils:2.0.3=runtimeClasspath,testRuntimeClasspath
org.ow2.asm:asm:9.1=compileClasspath,runtimeClasspath,testCompileClasspath,testRuntimeClasspath
org.realityforge.javax.annotation:javax.annotation:1.0.1=compileClasspath,runtimeClasspath,testCompileClasspath,testRuntimeClasspath
org.slf4j:jcl-over-slf4j:1.7.21=runtimeClasspath,testRuntimeClasspath
org.slf4j:slf4j-api:1.7.33=compileClasspath,runtimeClasspath,testCompileClasspath,testRuntimeClasspath
org.syslog4j:syslog4j:0.9.30=compileClasspath,runtimeClasspath,testCompileClasspath,testRuntimeClasspath
org.threeten:threetenbp:1.5.1=compileClasspath,runtimeClasspath,testCompileClasspath,testRuntimeClasspath
empty=annotationProcessor,shadow
